
Microsoft Visual Studio Solution File, Format Version 12.00
# Visual Studio 14
VisualStudioVersion = 14.0.25420.1
MinimumVisualStudioVersion = 10.0.40219.1
Project("{FAE04EC0-301F-11D3-BF4B-00C04F79EFBC}") = "WeakDelegateProject", "WeakDelegateProject\WeakDelegateProject.csproj", "{35CDEEEB-48E4-440A-8782-927805B1E58D}"
EndProject
Project("{FAE04EC0-301F-11D3-BF4B-00C04F79EFBC}") = "UnitTestWeakDelegate", "UnitTestWeakDelegate\UnitTestWeakDelegate.csproj", "{98ACE264-BA54-4705-8E1E-907D8BAE7E5A}"
EndProject
Global
	GlobalSection(SolutionConfigurationPlatforms) = preSolution
		Debug|Any CPU = Debug|Any CPU
		Release|Any CPU = Release|Any CPU
	EndGlobalSection
	GlobalSection(ProjectConfigurationPlatforms) = postSolution
		{35CDEEEB-48E4-440A-8782-927805B1E58D}.Debug|Any CPU.ActiveCfg = Debug|Any CPU
		{35CDEEEB-48E4-440A-8782-927805B1E58D}.Debug|Any CPU.Build.0 = Debug|Any CPU
		{35CDEEEB-48E4-440A-8782-927805B1E58D}.Release|Any CPU.ActiveCfg = Release|Any CPU
		{35CDEEEB-48E4-440A-8782-927805B1E58D}.Release|Any CPU.Build.0 = Release|Any CPU
		{98ACE264-BA54-4705-8E1E-907D8BAE7E5A}.Debug|Any CPU.ActiveCfg = Debug|Any CPU
		{98ACE264-BA54-4705-8E1E-907D8BAE7E5A}.Debug|Any CPU.Build.0 = Debug|Any CPU
		{98ACE264-BA54-4705-8E1E-907D8BAE7E5A}.Release|Any CPU.ActiveCfg = Release|Any CPU
		{98ACE264-BA54-4705-8E1E-907D8BAE7E5A}.Release|Any CPU.Build.0 = Release|Any CPU
	EndGlobalSection
	GlobalSection(SolutionProperties) = preSolution
		HideSolutionNode = FALSE
	EndGlobalSection
EndGlobal
